
Microsoft Visual Studio Solution File, Format Version 12.00
# Visual Studio 2013
VisualStudioVersion = 12.0.21005.1
MinimumVisualStudioVersion = 10.0.40219.1
Project("{FAE04EC0-301F-11D3-BF4B-00C04F79EFBC}") = "MVVMAwesomium", "MVVMAwesoniumPOC\MVVMAwesomium.csproj", "{9B18B122-A2FC-4537-AB68-5E1EC9959DB8}"
EndProject
Project("{FAE04EC0-301F-11D3-BF4B-00C04F79EFBC}") = "MVVMAwesomium.Test", "MVVMAwesoniumPOC.Test\MVVMAwesomium.Test.csproj", "{84916CEB-FEF3-4A42-B1A0-7B43F3D88CCB}"
EndProject
Project("{FAE04EC0-301F-11D3-BF4B-00C04F79EFBC}") = "MVVMAwesomium.UI", "MVVMAwesoniumPOCUI\MVVMAwesomium.UI.csproj", "{83FD4663-5C46-4885-83DB-D65C99A1C9F0}"
EndProject
Project("{F088123C-0E9E-452A-89E6-6BA2F21D5CAC}") = "ProjectUML", "ModelingProject1\ProjectUML.modelproj", "{D216F584-18BE-4D16-9A9A-8B1F0FBAC180}"
EndProject
Project("{FAE04EC0-301F-11D3-BF4B-00C04F79EFBC}") = "MVVMAwesomium.UI2", "MVVMAwesomium.UI2\MVVMAwesomium.UI2.csproj", "{61D09D0C-ED88-4EF2-B6E4-6C0209FF7D8D}"
EndProject
Project("{FAE04EC0-301F-11D3-BF4B-00C04F79EFBC}") = "MVVMAwesomium.ViewModel", "MVVMAwesomium.ViewModel\MVVMAwesomium.ViewModel.csproj", "{E35B9010-5429-4FFE-A788-E9C40E743E9C}"
EndProject
Project("{FAE04EC0-301F-11D3-BF4B-00C04F79EFBC}") = "MVVMAwesomium.UI.Calendar", "MVVMAwesomium.UI.Calendar\MVVMAwesomium.UI.Calendar.csproj", "{C71C2BF7-52D2-4F69-AB7A-9B29EEA8DBB2}"
EndProject
Global
	GlobalSection(SolutionConfigurationPlatforms) = preSolution
		Debug|Any CPU = Debug|Any CPU
		Debug|Mixed Platforms = Debug|Mixed Platforms
		Debug|x86 = Debug|x86
		Release|Any CPU = Release|Any CPU
		Release|Mixed Platforms = Release|Mixed Platforms
		Release|x86 = Release|x86
	EndGlobalSection
	GlobalSection(ProjectConfigurationPlatforms) = postSolution
		{9B18B122-A2FC-4537-AB68-5E1EC9959DB8}.Debug|Any CPU.ActiveCfg = Debug|x86
		{9B18B122-A2FC-4537-AB68-5E1EC9959DB8}.Debug|Any CPU.Build.0 = Debug|x86
		{9B18B122-A2FC-4537-AB68-5E1EC9959DB8}.Debug|Mixed Platforms.ActiveCfg = Debug|x86
		{9B18B122-A2FC-4537-AB68-5E1EC9959DB8}.Debug|Mixed Platforms.Build.0 = Debug|x86
		{9B18B122-A2FC-4537-AB68-5E1EC9959DB8}.Debug|x86.ActiveCfg = Debug|Any CPU
		{9B18B122-A2FC-4537-AB68-5E1EC9959DB8}.Debug|x86.Build.0 = Debug|Any CPU
		{9B18B122-A2FC-4537-AB68-5E1EC9959DB8}.Release|Any CPU.ActiveCfg = Release|x86
		{9B18B122-A2FC-4537-AB68-5E1EC9959DB8}.Release|Mixed Platforms.ActiveCfg = Release|x86
		{9B18B122-A2FC-4537-AB68-5E1EC9959DB8}.Release|Mixed Platforms.Build.0 = Release|x86
		{9B18B122-A2FC-4537-AB68-5E1EC9959DB8}.Release|x86.ActiveCfg = Release|x86
		{9B18B122-A2FC-4537-AB68-5E1EC9959DB8}.Release|x86.Build.0 = Release|x86
		{84916CEB-FEF3-4A42-B1A0-7B43F3D88CCB}.Debug|Any CPU.ActiveCfg = Debug|Any CPU
		{84916CEB-FEF3-4A42-B1A0-7B43F3D88CCB}.Debug|Any CPU.Build.0 = Debug|Any CPU
		{84916CEB-FEF3-4A42-B1A0-7B43F3D88CCB}.Debug|Mixed Platforms.ActiveCfg = Debug|Any CPU
		{84916CEB-FEF3-4A42-B1A0-7B43F3D88CCB}.Debug|Mixed Platforms.Build.0 = Debug|Any CPU
		{84916CEB-FEF3-4A42-B1A0-7B43F3D88CCB}.Debug|x86.ActiveCfg = Debug|Any CPU
		{84916CEB-FEF3-4A42-B1A0-7B43F3D88CCB}.Debug|x86.Build.0 = Debug|Any CPU
		{84916CEB-FEF3-4A42-B1A0-7B43F3D88CCB}.Release|Any CPU.ActiveCfg = Release|Any CPU
		{84916CEB-FEF3-4A42-B1A0-7B43F3D88CCB}.Release|Any CPU.Build.0 = Release|Any CPU
		{84916CEB-FEF3-4A42-B1A0-7B43F3D88CCB}.Release|Mixed Platforms.ActiveCfg = Release|Any CPU
		{84916CEB-FEF3-4A42-B1A0-7B43F3D88CCB}.Release|Mixed Platforms.Build.0 = Release|Any CPU
		{84916CEB-FEF3-4A42-B1A0-7B43F3D88CCB}.Release|x86.ActiveCfg = Release|Any CPU
		{83FD4663-5C46-4885-83DB-D65C99A1C9F0}.Debug|Any CPU.ActiveCfg = Debug|x86
		{83FD4663-5C46-4885-83DB-D65C99A1C9F0}.Debug|Any CPU.Build.0 = Debug|x86
		{83FD4663-5C46-4885-83DB-D65C99A1C9F0}.Debug|Mixed Platforms.ActiveCfg = Debug|x86
		{83FD4663-5C46-4885-83DB-D65C99A1C9F0}.Debug|Mixed Platforms.Build.0 = Debug|x86
		{83FD4663-5C46-4885-83DB-D65C99A1C9F0}.Debug|x86.ActiveCfg = Debug|Any CPU
		{83FD4663-5C46-4885-83DB-D65C99A1C9F0}.Debug|x86.Build.0 = Debug|Any CPU
		{83FD4663-5C46-4885-83DB-D65C99A1C9F0}.Release|Any CPU.ActiveCfg = Release|x86
		{83FD4663-5C46-4885-83DB-D65C99A1C9F0}.Release|Mixed Platforms.ActiveCfg = Release|x86
		{83FD4663-5C46-4885-83DB-D65C99A1C9F0}.Release|Mixed Platforms.Build.0 = Release|x86
		{83FD4663-5C46-4885-83DB-D65C99A1C9F0}.Release|x86.ActiveCfg = Release|x86
		{83FD4663-5C46-4885-83DB-D65C99A1C9F0}.Release|x86.Build.0 = Release|x86
		{D216F584-18BE-4D16-9A9A-8B1F0FBAC180}.Debug|Any CPU.ActiveCfg = Debug|Any CPU
		{D216F584-18BE-4D16-9A9A-8B1F0FBAC180}.Debug|Any CPU.Build.0 = Debug|Any CPU
		{D216F584-18BE-4D16-9A9A-8B1F0FBAC180}.Debug|Mixed Platforms.ActiveCfg = Debug|Any CPU
		{D216F584-18BE-4D16-9A9A-8B1F0FBAC180}.Debug|Mixed Platforms.Build.0 = Debug|Any CPU
		{D216F584-18BE-4D16-9A9A-8B1F0FBAC180}.Debug|x86.ActiveCfg = Debug|Any CPU
		{D216F584-18BE-4D16-9A9A-8B1F0FBAC180}.Release|Any CPU.ActiveCfg = Release|Any CPU
		{D216F584-18BE-4D16-9A9A-8B1F0FBAC180}.Release|Any CPU.Build.0 = Release|Any CPU
		{D216F584-18BE-4D16-9A9A-8B1F0FBAC180}.Release|Mixed Platforms.ActiveCfg = Release|Any CPU
		{D216F584-18BE-4D16-9A9A-8B1F0FBAC180}.Release|Mixed Platforms.Build.0 = Release|Any CPU
		{D216F584-18BE-4D16-9A9A-8B1F0FBAC180}.Release|x86.ActiveCfg = Release|Any CPU
		{61D09D0C-ED88-4EF2-B6E4-6C0209FF7D8D}.Debug|Any CPU.ActiveCfg = Debug|Any CPU
		{61D09D0C-ED88-4EF2-B6E4-6C0209FF7D8D}.Debug|Any CPU.Build.0 = Debug|Any CPU
		{61D09D0C-ED88-4EF2-B6E4-6C0209FF7D8D}.Debug|Mixed Platforms.ActiveCfg = Debug|Any CPU
		{61D09D0C-ED88-4EF2-B6E4-6C0209FF7D8D}.Debug|Mixed Platforms.Build.0 = Debug|Any CPU
		{61D09D0C-ED88-4EF2-B6E4-6C0209FF7D8D}.Debug|x86.ActiveCfg = Debug|Any CPU
		{61D09D0C-ED88-4EF2-B6E4-6C0209FF7D8D}.Release|Any CPU.ActiveCfg = Release|Any CPU
		{61D09D0C-ED88-4EF2-B6E4-6C0209FF7D8D}.Release|Any CPU.Build.0 = Release|Any CPU
		{61D09D0C-ED88-4EF2-B6E4-6C0209FF7D8D}.Release|Mixed Platforms.ActiveCfg = Release|Any CPU
		{61D09D0C-ED88-4EF2-B6E4-6C0209FF7D8D}.Release|Mixed Platforms.Build.0 = Release|Any CPU
		{61D09D0C-ED88-4EF2-B6E4-6C0209FF7D8D}.Release|x86.ActiveCfg = Release|Any CPU
		{E35B9010-5429-4FFE-A788-E9C40E743E9C}.Debug|Any CPU.ActiveCfg = Debug|Any CPU
		{E35B9010-5429-4FFE-A788-E9C40E743E9C}.Debug|Any CPU.Build.0 = Debug|Any CPU
		{E35B9010-5429-4FFE-A788-E9C40E743E9C}.Debug|Mixed Platforms.ActiveCfg = Debug|Any CPU
		{E35B9010-5429-4FFE-A788-E9C40E743E9C}.Debug|Mixed Platforms.Build.0 = Debug|Any CPU
		{E35B9010-5429-4FFE-A788-E9C40E743E9C}.Debug|x86.ActiveCfg = Debug|Any CPU
		{E35B9010-5429-4FFE-A788-E9C40E743E9C}.Release|Any CPU.ActiveCfg = Release|Any CPU
		{E35B9010-5429-4FFE-A788-E9C40E743E9C}.Release|Any CPU.Build.0 = Release|Any CPU
		{E35B9010-5429-4FFE-A788-E9C40E743E9C}.Release|Mixed Platforms.ActiveCfg = Release|Any CPU
		{E35B9010-5429-4FFE-A788-E9C40E743E9C}.Release|Mixed Platforms.Build.0 = Release|Any CPU
		{E35B9010-5429-4FFE-A788-E9C40E743E9C}.Release|x86.ActiveCfg = Release|Any CPU
		{C71C2BF7-52D2-4F69-AB7A-9B29EEA8DBB2}.Debug|Any CPU.ActiveCfg = Debug|Any CPU
		{C71C2BF7-52D2-4F69-AB7A-9B29EEA8DBB2}.Debug|Any CPU.Build.0 = Debug|Any CPU
		{C71C2BF7-52D2-4F69-AB7A-9B29EEA8DBB2}.Debug|Mixed Platforms.ActiveCfg = Debug|Any CPU
		{C71C2BF7-52D2-4F69-AB7A-9B29EEA8DBB2}.Debug|Mixed Platforms.Build.0 = Debug|Any CPU
		{C71C2BF7-52D2-4F69-AB7A-9B29EEA8DBB2}.Debug|x86.ActiveCfg = Debug|Any CPU
		{C71C2BF7-52D2-4F69-AB7A-9B29EEA8DBB2}.Release|Any CPU.ActiveCfg = Release|Any CPU
		{C71C2BF7-52D2-4F69-AB7A-9B29EEA8DBB2}.Release|Any CPU.Build.0 = Release|Any CPU
		{C71C2BF7-52D2-4F69-AB7A-9B29EEA8DBB2}.Release|Mixed Platforms.ActiveCfg = Release|Any CPU
		{C71C2BF7-52D2-4F69-AB7A-9B29EEA8DBB2}.Release|Mixed Platforms.Build.0 = Release|Any CPU
		{C71C2BF7-52D2-4F69-AB7A-9B29EEA8DBB2}.Release|x86.ActiveCfg = Release|Any CPU
	EndGlobalSection
	GlobalSection(SolutionProperties) = preSolution
		HideSolutionNode = FALSE
	EndGlobalSection
EndGlobal
